{
  "originHash" : "8da7da86fb804a593e552c250d04f3b96504afef6a3cb8bf0e9c1e04829a7c34",
  "pins" : [
    {
      "identity" : "clt-logger",
      "kind" : "remoteSourceControl",
      "location" : "https://github.com/xcode-actions/clt-logger.git",
      "state" : {
        "revision" : "db7f3f71ace4e3bd316f98a52b9ee488bb2e66da",
        "version" : "1.0.0"
      }
    },
    {
      "identity" : "globalconfmodule",
      "kind" : "remoteSourceControl",
      "location" : "https://github.com/Frizlab/GlobalConfModule.git",
      "state" : {
        "revision" : "1ae8f4510c375217a8423864366b68f18b986d20",
        "version" : "0.4.4"
      }
    },
    {
      "identity" : "swift-argument-parser",
      "kind" : "remoteSourceControl",
      "location" : "https://github.com/apple/swift-argument-parser.git",
      "state" : {
        "revision" : "cdd0ef3755280949551dc26dee5de9ddeda89f54",
        "version" : "1.6.2"
      }
    },
    {
      "identity" : "swift-log",
      "kind" : "remoteSourceControl",
      "location" : "https://github.com/apple/swift-log.git",
      "state" : {
        "revision" : "ce592ae52f982c847a4efc0dd881cc9eb32d29f2",
        "version" : "1.6.4"
      }
    },
    {
      "identity" : "swift-service-context",
      "kind" : "remoteSourceControl",
      "location" : "https://github.com/apple/swift-service-context.git",
      "state" : {
        "revision" : "1983448fefc717a2bc2ebde5490fe99873c5b8a6",
        "version" : "1.2.1"
      }
    },
    {
      "identity" : "swift-syntax",
      "kind" : "remoteSourceControl",
      "location" : "https://github.com/swiftlang/swift-syntax.git",
      "state" : {
        "revision" : "4799286537280063c85a32f09884cfbca301b1a1",
        "version" : "602.0.0"
      }
    },
    {
      "identity" : "xibloc",
      "kind" : "remoteSourceControl",
      "location" : "https://github.com/Frizlab/XibLoc.git",
      "state" : {
        "revision" : "cc7bef4f771c43c529aaf199fe1c45b908f780d3",
        "version" : "2.0.0-beta.2"
      }
    }
  ],
  "version" : 3
}
