{
  "originHash" : "b5159af7b9d221e4d4b5712e7e34518a2a31e795ba11f9bb05e6f7a68f514533",
  "pins" : [
    {
      "identity" : "asyncoperations",
      "kind" : "remoteSourceControl",
      "location" : "https://github.com/Frizlab/AsyncOperations.git",
      "state" : {
        "revision" : "a4abbc7b46cb86f805e07dce9fff9b43911ee3f8",
        "version" : "0.1.0"
      }
    },
    {
      "identity" : "cltlogger",
      "kind" : "remoteSourceControl",
      "location" : "https://github.com/xcode-actions/CLTLogger.git",
      "state" : {
        "revision" : "d2d2be799fde3e564f6f2c35b708403bf609a0fb",
        "version" : "0.9.0"
      }
    },
    {
      "identity" : "globalconfmodule",
      "kind" : "remoteSourceControl",
      "location" : "https://github.com/Frizlab/GlobalConfModule.git",
      "state" : {
        "revision" : "72729262a37078faa9978c2c5accd5adbaedb4ee",
        "version" : "0.4.3"
      }
    },
    {
      "identity" : "retryingoperation",
      "kind" : "remoteSourceControl",
      "location" : "https://github.com/happn-tech/RetryingOperation.git",
      "state" : {
        "revision" : "c64f98966916fc184f7575dd97e2eba9962a3d33",
        "version" : "1.1.8"
      }
    },
    {
      "identity" : "swift-argument-parser",
      "kind" : "remoteSourceControl",
      "location" : "https://github.com/apple/swift-argument-parser.git",
      "state" : {
        "revision" : "309a47b2b1d9b5e991f36961c983ecec72275be3",
        "version" : "1.6.1"
      }
    },
    {
      "identity" : "swift-log",
      "kind" : "remoteSourceControl",
      "location" : "https://github.com/apple/swift-log.git",
      "state" : {
        "revision" : "ce592ae52f982c847a4efc0dd881cc9eb32d29f2",
        "version" : "1.6.4"
      }
    },
    {
      "identity" : "swift-service-context",
      "kind" : "remoteSourceControl",
      "location" : "https://github.com/apple/swift-service-context.git",
      "state" : {
        "revision" : "1983448fefc717a2bc2ebde5490fe99873c5b8a6",
        "version" : "1.2.1"
      }
    },
    {
      "identity" : "swift-syntax",
      "kind" : "remoteSourceControl",
      "location" : "https://github.com/swiftlang/swift-syntax.git",
      "state" : {
        "revision" : "f99ae8aa18f0cf0d53481901f88a0991dc3bd4a2",
        "version" : "601.0.1"
      }
    },
    {
      "identity" : "xibloc",
      "kind" : "remoteSourceControl",
      "location" : "https://github.com/Frizlab/XibLoc.git",
      "state" : {
        "revision" : "e85a5179bdd93e017473182d76b33af1f176e6bd",
        "version" : "1.5.1-beta.2"
      }
    }
  ],
  "version" : 3
}
